
Microsoft Visual Studio Solution File, Format Version 12.00
Project("{FAE04EC0-301F-11D3-BF4B-00C04F79EFBC}") = "GradesService", "GradesService\GradesService.csproj", "{5FEEDDDB-1F98-4C23-AC74-90F834FF6497}"
EndProject
Project("{FAE04EC0-301F-11D3-BF4B-00C04F79EFBC}") = "GradesDomain", "GradesDomain\GradesDomain.csproj", "{649719C1-5DF1-4130-8A8B-55C794103C4B}"
EndProject
Global
	GlobalSection(SolutionConfigurationPlatforms) = preSolution
		Debug|Any CPU = Debug|Any CPU
		Release|Any CPU = Release|Any CPU
	EndGlobalSection
	GlobalSection(ProjectConfigurationPlatforms) = postSolution
		{5FEEDDDB-1F98-4C23-AC74-90F834FF6497}.Debug|Any CPU.ActiveCfg = Debug|Any CPU
		{5FEEDDDB-1F98-4C23-AC74-90F834FF6497}.Debug|Any CPU.Build.0 = Debug|Any CPU
		{5FEEDDDB-1F98-4C23-AC74-90F834FF6497}.Release|Any CPU.ActiveCfg = Release|Any CPU
		{5FEEDDDB-1F98-4C23-AC74-90F834FF6497}.Release|Any CPU.Build.0 = Release|Any CPU
		{649719C1-5DF1-4130-8A8B-55C794103C4B}.Debug|Any CPU.ActiveCfg = Debug|Any CPU
		{649719C1-5DF1-4130-8A8B-55C794103C4B}.Debug|Any CPU.Build.0 = Debug|Any CPU
		{649719C1-5DF1-4130-8A8B-55C794103C4B}.Release|Any CPU.ActiveCfg = Release|Any CPU
		{649719C1-5DF1-4130-8A8B-55C794103C4B}.Release|Any CPU.Build.0 = Release|Any CPU
	EndGlobalSection
EndGlobal
