
Microsoft Visual Studio Solution File, Format Version 12.00
Project("{FAE04EC0-301F-11D3-BF4B-00C04F79EFBC}") = "GradesDomain", "GradesDomain\GradesDomain.csproj", "{649719C1-5DF1-4130-8A8B-55C794103C4B}"
EndProject
Project("{FAE04EC0-301F-11D3-BF4B-00C04F79EFBC}") = "GradesRepository", "GradesRepository\GradesRepository.csproj", "{FA7A5EC7-DAED-4EA3-A035-DF052CC842E6}"
EndProject
Project("{FAE04EC0-301F-11D3-BF4B-00C04F79EFBC}") = "Test", "Test\Test.csproj", "{7984876D-22C6-4022-8EA0-307052799A94}"
EndProject
Project("{FAE04EC0-301F-11D3-BF4B-00C04F79EFBC}") = "GradesApi", "GradesApi\GradesApi.csproj", "{C43781A6-D66C-4667-A612-CD6523C4B85C}"
EndProject
Global
	GlobalSection(SolutionConfigurationPlatforms) = preSolution
		Debug|Any CPU = Debug|Any CPU
		Release|Any CPU = Release|Any CPU
	EndGlobalSection
	GlobalSection(ProjectConfigurationPlatforms) = postSolution
		{649719C1-5DF1-4130-8A8B-55C794103C4B}.Debug|Any CPU.ActiveCfg = Debug|Any CPU
		{649719C1-5DF1-4130-8A8B-55C794103C4B}.Debug|Any CPU.Build.0 = Debug|Any CPU
		{649719C1-5DF1-4130-8A8B-55C794103C4B}.Release|Any CPU.ActiveCfg = Release|Any CPU
		{649719C1-5DF1-4130-8A8B-55C794103C4B}.Release|Any CPU.Build.0 = Release|Any CPU
		{FA7A5EC7-DAED-4EA3-A035-DF052CC842E6}.Debug|Any CPU.ActiveCfg = Debug|Any CPU
		{FA7A5EC7-DAED-4EA3-A035-DF052CC842E6}.Debug|Any CPU.Build.0 = Debug|Any CPU
		{FA7A5EC7-DAED-4EA3-A035-DF052CC842E6}.Release|Any CPU.ActiveCfg = Release|Any CPU
		{FA7A5EC7-DAED-4EA3-A035-DF052CC842E6}.Release|Any CPU.Build.0 = Release|Any CPU
		{7984876D-22C6-4022-8EA0-307052799A94}.Debug|Any CPU.ActiveCfg = Debug|Any CPU
		{7984876D-22C6-4022-8EA0-307052799A94}.Debug|Any CPU.Build.0 = Debug|Any CPU
		{7984876D-22C6-4022-8EA0-307052799A94}.Release|Any CPU.ActiveCfg = Release|Any CPU
		{7984876D-22C6-4022-8EA0-307052799A94}.Release|Any CPU.Build.0 = Release|Any CPU
		{C43781A6-D66C-4667-A612-CD6523C4B85C}.Debug|Any CPU.ActiveCfg = Debug|Any CPU
		{C43781A6-D66C-4667-A612-CD6523C4B85C}.Debug|Any CPU.Build.0 = Debug|Any CPU
		{C43781A6-D66C-4667-A612-CD6523C4B85C}.Release|Any CPU.ActiveCfg = Release|Any CPU
		{C43781A6-D66C-4667-A612-CD6523C4B85C}.Release|Any CPU.Build.0 = Release|Any CPU
	EndGlobalSection
EndGlobal
